
Microsoft Visual Studio Solution File, Format Version 12.00
# Visual Studio Version 16
VisualStudioVersion = 16.0.29025.244
MinimumVisualStudioVersion = 10.0.40219.1
Project("{9A19103F-16F7-4668-BE54-9A1E7A4F7556}") = "NServiceBus.AzureFunctions.InProcess.ServiceBus", "NServiceBus.AzureFunctions.InProcess.ServiceBus\NServiceBus.AzureFunctions.InProcess.ServiceBus.csproj", "{C42A99C9-8FD6-4848-8E8C-1E3DB4963F98}"
EndProject
Project("{9A19103F-16F7-4668-BE54-9A1E7A4F7556}") = "ServiceBus.Tests", "ServiceBus.Tests\ServiceBus.Tests.csproj", "{7F90FF66-48AD-47C4-AB5C-34137D07B62B}"
EndProject
Project("{2150E333-8FDC-42A3-9474-1A3956D46DE8}") = "Solution items", "Solution items", "{93BBDA95-B60E-4BF2-BCFE-4D756E7EC78C}"
	ProjectSection(SolutionItems) = preProject
		Directory.Build.props = Directory.Build.props
		..\README.md = ..\README.md
	EndProjectSection
EndProject
Project("{9A19103F-16F7-4668-BE54-9A1E7A4F7556}") = "Testing.Handlers", "Testing.Handlers\Testing.Handlers.csproj", "{F922CF8D-9012-4D04-84FF-3C923F79A075}"
EndProject
Project("{9A19103F-16F7-4668-BE54-9A1E7A4F7556}") = "NServiceBus.AzureFunctions.SourceGenerator", "NServiceBus.AzureFunctions.SourceGenerator\NServiceBus.AzureFunctions.SourceGenerator.csproj", "{D2345DCC-2A8D-4B30-9701-F276597D6858}"
EndProject
Project("{9A19103F-16F7-4668-BE54-9A1E7A4F7556}") = "NServiceBus.AzureFunctions.SourceGenerator.Tests", "NServiceBus.AzureFunctions.SourceGenerator.Tests\NServiceBus.AzureFunctions.SourceGenerator.Tests.csproj", "{22BE8002-D99B-461B-B472-F2361A849E47}"
EndProject
Project("{FAE04EC0-301F-11D3-BF4B-00C04F79EFBC}") = "ServiceBus.Transactions.Tests", "ServiceBus.Transactions.Tests\ServiceBus.Transactions.Tests.csproj", "{A9F195F0-B152-4EA6-BF31-C845F81C5722}"
EndProject
Global
	GlobalSection(SolutionConfigurationPlatforms) = preSolution
		Debug|Any CPU = Debug|Any CPU
		Release|Any CPU = Release|Any CPU
	EndGlobalSection
	GlobalSection(ProjectConfigurationPlatforms) = postSolution
		{C42A99C9-8FD6-4848-8E8C-1E3DB4963F98}.Debug|Any CPU.ActiveCfg = Debug|Any CPU
		{C42A99C9-8FD6-4848-8E8C-1E3DB4963F98}.Debug|Any CPU.Build.0 = Debug|Any CPU
		{C42A99C9-8FD6-4848-8E8C-1E3DB4963F98}.Release|Any CPU.ActiveCfg = Release|Any CPU
		{C42A99C9-8FD6-4848-8E8C-1E3DB4963F98}.Release|Any CPU.Build.0 = Release|Any CPU
		{7F90FF66-48AD-47C4-AB5C-34137D07B62B}.Debug|Any CPU.ActiveCfg = Debug|Any CPU
		{7F90FF66-48AD-47C4-AB5C-34137D07B62B}.Debug|Any CPU.Build.0 = Debug|Any CPU
		{7F90FF66-48AD-47C4-AB5C-34137D07B62B}.Release|Any CPU.ActiveCfg = Release|Any CPU
		{7F90FF66-48AD-47C4-AB5C-34137D07B62B}.Release|Any CPU.Build.0 = Release|Any CPU
		{F922CF8D-9012-4D04-84FF-3C923F79A075}.Debug|Any CPU.ActiveCfg = Debug|Any CPU
		{F922CF8D-9012-4D04-84FF-3C923F79A075}.Debug|Any CPU.Build.0 = Debug|Any CPU
		{F922CF8D-9012-4D04-84FF-3C923F79A075}.Release|Any CPU.ActiveCfg = Release|Any CPU
		{F922CF8D-9012-4D04-84FF-3C923F79A075}.Release|Any CPU.Build.0 = Release|Any CPU
		{D2345DCC-2A8D-4B30-9701-F276597D6858}.Debug|Any CPU.ActiveCfg = Debug|Any CPU
		{D2345DCC-2A8D-4B30-9701-F276597D6858}.Debug|Any CPU.Build.0 = Debug|Any CPU
		{D2345DCC-2A8D-4B30-9701-F276597D6858}.Release|Any CPU.ActiveCfg = Release|Any CPU
		{D2345DCC-2A8D-4B30-9701-F276597D6858}.Release|Any CPU.Build.0 = Release|Any CPU
		{22BE8002-D99B-461B-B472-F2361A849E47}.Debug|Any CPU.ActiveCfg = Debug|Any CPU
		{22BE8002-D99B-461B-B472-F2361A849E47}.Debug|Any CPU.Build.0 = Debug|Any CPU
		{22BE8002-D99B-461B-B472-F2361A849E47}.Release|Any CPU.ActiveCfg = Release|Any CPU
		{22BE8002-D99B-461B-B472-F2361A849E47}.Release|Any CPU.Build.0 = Release|Any CPU
		{A9F195F0-B152-4EA6-BF31-C845F81C5722}.Debug|Any CPU.ActiveCfg = Debug|Any CPU
		{A9F195F0-B152-4EA6-BF31-C845F81C5722}.Debug|Any CPU.Build.0 = Debug|Any CPU
		{A9F195F0-B152-4EA6-BF31-C845F81C5722}.Release|Any CPU.ActiveCfg = Release|Any CPU
		{A9F195F0-B152-4EA6-BF31-C845F81C5722}.Release|Any CPU.Build.0 = Release|Any CPU
	EndGlobalSection
	GlobalSection(SolutionProperties) = preSolution
		HideSolutionNode = FALSE
	EndGlobalSection
	GlobalSection(ExtensibilityGlobals) = postSolution
		SolutionGuid = {9B344CD1-037D-452C-9268-B99296A966A8}
	EndGlobalSection
EndGlobal
