
Microsoft Visual Studio Solution File, Format Version 12.00
# Visual Studio Version 16
VisualStudioVersion = 16.0.29025.244
MinimumVisualStudioVersion = 10.0.40219.1
Project("{2150E333-8FDC-42A3-9474-1A3956D46DE8}") = "Demos", "Demos", "{DA965FE3-CF25-4AA0-B241-D62F50CA26C2}"
EndProject
Project("{9A19103F-16F7-4668-BE54-9A1E7A4F7556}") = "NServiceBus.AzureFunctions.AzureServiceBus", "NServiceBus.AzureFunctions.AzureServiceBus\NServiceBus.AzureFunctions.AzureServiceBus.csproj", "{C42A99C9-8FD6-4848-8E8C-1E3DB4963F98}"
EndProject
Project("{9A19103F-16F7-4668-BE54-9A1E7A4F7556}") = "NServiceBus.AzureFunctions.AzureStorageQueues", "NServiceBus.AzureFunctions.AzureStorageQueues\NServiceBus.AzureFunctions.AzureStorageQueues.csproj", "{34C2EDEC-261B-4F6C-8CAB-81E6D094FEA6}"
EndProject
Global
	GlobalSection(SolutionConfigurationPlatforms) = preSolution
		Debug|Any CPU = Debug|Any CPU
		Release|Any CPU = Release|Any CPU
	EndGlobalSection
	GlobalSection(ProjectConfigurationPlatforms) = postSolution
		{C42A99C9-8FD6-4848-8E8C-1E3DB4963F98}.Debug|Any CPU.ActiveCfg = Debug|Any CPU
		{C42A99C9-8FD6-4848-8E8C-1E3DB4963F98}.Debug|Any CPU.Build.0 = Debug|Any CPU
		{C42A99C9-8FD6-4848-8E8C-1E3DB4963F98}.Release|Any CPU.ActiveCfg = Release|Any CPU
		{C42A99C9-8FD6-4848-8E8C-1E3DB4963F98}.Release|Any CPU.Build.0 = Release|Any CPU
		{34C2EDEC-261B-4F6C-8CAB-81E6D094FEA6}.Debug|Any CPU.ActiveCfg = Debug|Any CPU
		{34C2EDEC-261B-4F6C-8CAB-81E6D094FEA6}.Debug|Any CPU.Build.0 = Debug|Any CPU
		{34C2EDEC-261B-4F6C-8CAB-81E6D094FEA6}.Release|Any CPU.ActiveCfg = Release|Any CPU
		{34C2EDEC-261B-4F6C-8CAB-81E6D094FEA6}.Release|Any CPU.Build.0 = Release|Any CPU
	EndGlobalSection
	GlobalSection(SolutionProperties) = preSolution
		HideSolutionNode = FALSE
	EndGlobalSection
	GlobalSection(NestedProjects) = preSolution
		{C42A99C9-8FD6-4848-8E8C-1E3DB4963F98} = {DA965FE3-CF25-4AA0-B241-D62F50CA26C2}
		{34C2EDEC-261B-4F6C-8CAB-81E6D094FEA6} = {DA965FE3-CF25-4AA0-B241-D62F50CA26C2}
	EndGlobalSection
	GlobalSection(ExtensibilityGlobals) = postSolution
		SolutionGuid = {9B344CD1-037D-452C-9268-B99296A966A8}
	EndGlobalSection
EndGlobal
